
Microsoft Visual Studio Solution File, Format Version 12.00
# Visual Studio 15
VisualStudioVersion = 15.0.27130.2027
MinimumVisualStudioVersion = 10.0.40219.1
Project("{FAE04EC0-301F-11D3-BF4B-00C04F79EFBC}") = "ASPM1_AloMundo", "ASPM1_AloMundo\ASPM1_AloMundo.csproj", "{6079E44A-90B8-487B-B94F-4AE97F4E0633}"
EndProject
Global
	GlobalSection(SolutionConfigurationPlatforms) = preSolution
		Debug|Any CPU = Debug|Any CPU
		Release|Any CPU = Release|Any CPU
	EndGlobalSection
	GlobalSection(ProjectConfigurationPlatforms) = postSolution
		{6079E44A-90B8-487B-B94F-4AE97F4E0633}.Debug|Any CPU.ActiveCfg = Debug|Any CPU
		{6079E44A-90B8-487B-B94F-4AE97F4E0633}.Debug|Any CPU.Build.0 = Debug|Any CPU
		{6079E44A-90B8-487B-B94F-4AE97F4E0633}.Release|Any CPU.ActiveCfg = Release|Any CPU
		{6079E44A-90B8-487B-B94F-4AE97F4E0633}.Release|Any CPU.Build.0 = Release|Any CPU
	EndGlobalSection
	GlobalSection(SolutionProperties) = preSolution
		HideSolutionNode = FALSE
	EndGlobalSection
	GlobalSection(ExtensibilityGlobals) = postSolution
		SolutionGuid = {2317D349-E953-4831-B3A9-1E2E99899590}
	EndGlobalSection
EndGlobal
